
Microsoft Visual Studio Solution File, Format Version 12.00
# Visual Studio Version 16
VisualStudioVersion = 16.0.32126.315
MinimumVisualStudioVersion = 10.0.40219.1
Project("{FAE04EC0-301F-11D3-BF4B-00C04F79EFBC}") = "DotNetCoreCRUD", "DotNetCoreCRUD\DotNetCoreCRUD.csproj", "{77B9C210-5C12-4397-B10E-04A7F9C35F5F}"
EndProject
Global
	GlobalSection(SolutionConfigurationPlatforms) = preSolution
		Debug|Any CPU = Debug|Any CPU
		Release|Any CPU = Release|Any CPU
	EndGlobalSection
	GlobalSection(ProjectConfigurationPlatforms) = postSolution
		{77B9C210-5C12-4397-B10E-04A7F9C35F5F}.Debug|Any CPU.ActiveCfg = Debug|Any CPU
		{77B9C210-5C12-4397-B10E-04A7F9C35F5F}.Debug|Any CPU.Build.0 = Debug|Any CPU
		{77B9C210-5C12-4397-B10E-04A7F9C35F5F}.Release|Any CPU.ActiveCfg = Release|Any CPU
		{77B9C210-5C12-4397-B10E-04A7F9C35F5F}.Release|Any CPU.Build.0 = Release|Any CPU
	EndGlobalSection
	GlobalSection(SolutionProperties) = preSolution
		HideSolutionNode = FALSE
	EndGlobalSection
	GlobalSection(ExtensibilityGlobals) = postSolution
		SolutionGuid = {8142F5A0-5DDC-4F3D-A80B-1F97456FA672}
	EndGlobalSection
EndGlobal
